
Microsoft Visual Studio Solution File, Format Version 12.00
# Visual Studio Express 2012 for Windows Desktop
Project("{FAE04EC0-301F-11D3-BF4B-00C04F79EFBC}") = "MMM", "MMM\MMM.csproj", "{8C96314B-7425-46BF-81D1-3C7E93AE7BAC}"
EndProject
Global
	GlobalSection(SolutionConfigurationPlatforms) = preSolution
		Debug|Any CPU = Debug|Any CPU
		Release|Any CPU = Release|Any CPU
	EndGlobalSection
	GlobalSection(ProjectConfigurationPlatforms) = postSolution
		{8C96314B-7425-46BF-81D1-3C7E93AE7BAC}.Debug|Any CPU.ActiveCfg = Debug|Any CPU
		{8C96314B-7425-46BF-81D1-3C7E93AE7BAC}.Debug|Any CPU.Build.0 = Debug|Any CPU
		{8C96314B-7425-46BF-81D1-3C7E93AE7BAC}.Release|Any CPU.ActiveCfg = Release|Any CPU
		{8C96314B-7425-46BF-81D1-3C7E93AE7BAC}.Release|Any CPU.Build.0 = Release|Any CPU
	EndGlobalSection
	GlobalSection(SolutionProperties) = preSolution
		HideSolutionNode = FALSE
	EndGlobalSection
EndGlobal
